
Microsoft Visual Studio Solution File, Format Version 12.00
# Visual Studio Version 17
VisualStudioVersion = 17.13.35931.197
MinimumVisualStudioVersion = 10.0.40219.1
Project("{FAE04EC0-301F-11D3-BF4B-00C04F79EFBC}") = "MyPocket.Web", "MyPocket.Web\MyPocket.Web.csproj", "{7B0AF373-229A-4045-AD9F-25CAECE4F816}"
	ProjectSection(ProjectDependencies) = postProject
		{0C38A8F8-244C-BBC1-1083-2F76CE2559F7} = {0C38A8F8-244C-BBC1-1083-2F76CE2559F7}
		{BE8CE37D-82BC-452D-B583-67DDFF3F751F} = {BE8CE37D-82BC-452D-B583-67DDFF3F751F}
	EndProjectSection
EndProject
Project("{FAE04EC0-301F-11D3-BF4B-00C04F79EFBC}") = "MyPocket.Core", "MyPocket.Core\MyPocket.Core.csproj", "{96CD0C03-CCC9-4791-BD87-4E40DA800908}"
EndProject
Project("{FAE04EC0-301F-11D3-BF4B-00C04F79EFBC}") = "MyPocket.DataAccess", "MyPocket.DataAccess\MyPocket.DataAccess.csproj", "{E6A08AAF-30D4-498A-89AF-FDCC450F1DC9}"
EndProject
Project("{FAE04EC0-301F-11D3-BF4B-00C04F79EFBC}") = "MyPocket.Shared", "MyPocket.Shared\MyPocket.Shared.csproj", "{0C38A8F8-244C-BBC1-1083-2F76CE2559F7}"
EndProject
Project("{FAE04EC0-301F-11D3-BF4B-00C04F79EFBC}") = "MyPocket.API", "MyPocket.API\MyPocket.API.csproj", "{58AFB20F-59BF-429A-9C79-151CBD79AE3C}"
EndProject
Project("{FAE04EC0-301F-11D3-BF4B-00C04F79EFBC}") = "MyPocket.Services", "MyPocket.Services\MyPocket.Services.csproj", "{BE8CE37D-82BC-452D-B583-67DDFF3F751F}"
	ProjectSection(ProjectDependencies) = postProject
		{96CD0C03-CCC9-4791-BD87-4E40DA800908} = {96CD0C03-CCC9-4791-BD87-4E40DA800908}
	EndProjectSection
EndProject
Global
	GlobalSection(SolutionConfigurationPlatforms) = preSolution
		Debug|Any CPU = Debug|Any CPU
		Release|Any CPU = Release|Any CPU
	EndGlobalSection
	GlobalSection(ProjectConfigurationPlatforms) = postSolution
		{7B0AF373-229A-4045-AD9F-25CAECE4F816}.Debug|Any CPU.ActiveCfg = Debug|Any CPU
		{7B0AF373-229A-4045-AD9F-25CAECE4F816}.Debug|Any CPU.Build.0 = Debug|Any CPU
		{7B0AF373-229A-4045-AD9F-25CAECE4F816}.Release|Any CPU.ActiveCfg = Release|Any CPU
		{7B0AF373-229A-4045-AD9F-25CAECE4F816}.Release|Any CPU.Build.0 = Release|Any CPU
		{96CD0C03-CCC9-4791-BD87-4E40DA800908}.Debug|Any CPU.ActiveCfg = Debug|Any CPU
		{96CD0C03-CCC9-4791-BD87-4E40DA800908}.Debug|Any CPU.Build.0 = Debug|Any CPU
		{96CD0C03-CCC9-4791-BD87-4E40DA800908}.Release|Any CPU.ActiveCfg = Release|Any CPU
		{96CD0C03-CCC9-4791-BD87-4E40DA800908}.Release|Any CPU.Build.0 = Release|Any CPU
		{E6A08AAF-30D4-498A-89AF-FDCC450F1DC9}.Debug|Any CPU.ActiveCfg = Debug|Any CPU
		{E6A08AAF-30D4-498A-89AF-FDCC450F1DC9}.Debug|Any CPU.Build.0 = Debug|Any CPU
		{E6A08AAF-30D4-498A-89AF-FDCC450F1DC9}.Release|Any CPU.ActiveCfg = Release|Any CPU
		{E6A08AAF-30D4-498A-89AF-FDCC450F1DC9}.Release|Any CPU.Build.0 = Release|Any CPU
		{0C38A8F8-244C-BBC1-1083-2F76CE2559F7}.Debug|Any CPU.ActiveCfg = Debug|Any CPU
		{0C38A8F8-244C-BBC1-1083-2F76CE2559F7}.Debug|Any CPU.Build.0 = Debug|Any CPU
		{0C38A8F8-244C-BBC1-1083-2F76CE2559F7}.Release|Any CPU.ActiveCfg = Release|Any CPU
		{0C38A8F8-244C-BBC1-1083-2F76CE2559F7}.Release|Any CPU.Build.0 = Release|Any CPU
		{58AFB20F-59BF-429A-9C79-151CBD79AE3C}.Debug|Any CPU.ActiveCfg = Debug|Any CPU
		{58AFB20F-59BF-429A-9C79-151CBD79AE3C}.Debug|Any CPU.Build.0 = Debug|Any CPU
		{58AFB20F-59BF-429A-9C79-151CBD79AE3C}.Release|Any CPU.ActiveCfg = Release|Any CPU
		{58AFB20F-59BF-429A-9C79-151CBD79AE3C}.Release|Any CPU.Build.0 = Release|Any CPU
		{BE8CE37D-82BC-452D-B583-67DDFF3F751F}.Debug|Any CPU.ActiveCfg = Debug|Any CPU
		{BE8CE37D-82BC-452D-B583-67DDFF3F751F}.Debug|Any CPU.Build.0 = Debug|Any CPU
		{BE8CE37D-82BC-452D-B583-67DDFF3F751F}.Release|Any CPU.ActiveCfg = Release|Any CPU
		{BE8CE37D-82BC-452D-B583-67DDFF3F751F}.Release|Any CPU.Build.0 = Release|Any CPU
	EndGlobalSection
	GlobalSection(SolutionProperties) = preSolution
		HideSolutionNode = FALSE
	EndGlobalSection
	GlobalSection(ExtensibilityGlobals) = postSolution
		SolutionGuid = {941D25F2-E52D-4F39-B40B-69140FBC1DD1}
	EndGlobalSection
EndGlobal
